
Microsoft Visual Studio Solution File, Format Version 12.00
# Visual Studio Version 16
VisualStudioVersion = 16.0.30717.126
MinimumVisualStudioVersion = 10.0.40219.1
Project("{FAE04EC0-301F-11D3-BF4B-00C04F79EFBC}") = "Miracle.Android", "Miracle\Miracle.Android\Miracle.Android.csproj", "{FA529A79-4BBE-4BDA-A605-DCCFE0E27F2A}"
EndProject
Project("{FAE04EC0-301F-11D3-BF4B-00C04F79EFBC}") = "Miracle.iOS", "Miracle\Miracle.iOS\Miracle.iOS.csproj", "{C4E0B87B-9A57-42B2-978C-E9D7A097E5E9}"
EndProject
Project("{9A19103F-16F7-4668-BE54-9A1E7A4F7556}") = "Miracle", "Miracle\Miracle\Miracle.csproj", "{17E306A8-E3C5-464B-94E7-6ACE228FCBCA}"
EndProject
Global
	GlobalSection(SolutionConfigurationPlatforms) = preSolution
		Debug|Any CPU = Debug|Any CPU
		Debug|iPhone = Debug|iPhone
		Debug|iPhoneSimulator = Debug|iPhoneSimulator
		Release|Any CPU = Release|Any CPU
		Release|iPhone = Release|iPhone
		Release|iPhoneSimulator = Release|iPhoneSimulator
	EndGlobalSection
	GlobalSection(ProjectConfigurationPlatforms) = postSolution
		{FA529A79-4BBE-4BDA-A605-DCCFE0E27F2A}.Debug|Any CPU.ActiveCfg = Debug|Any CPU
		{FA529A79-4BBE-4BDA-A605-DCCFE0E27F2A}.Debug|Any CPU.Build.0 = Debug|Any CPU
		{FA529A79-4BBE-4BDA-A605-DCCFE0E27F2A}.Debug|Any CPU.Deploy.0 = Debug|Any CPU
		{FA529A79-4BBE-4BDA-A605-DCCFE0E27F2A}.Debug|iPhone.ActiveCfg = Debug|Any CPU
		{FA529A79-4BBE-4BDA-A605-DCCFE0E27F2A}.Debug|iPhone.Build.0 = Debug|Any CPU
		{FA529A79-4BBE-4BDA-A605-DCCFE0E27F2A}.Debug|iPhone.Deploy.0 = Debug|Any CPU
		{FA529A79-4BBE-4BDA-A605-DCCFE0E27F2A}.Debug|iPhoneSimulator.ActiveCfg = Debug|Any CPU
		{FA529A79-4BBE-4BDA-A605-DCCFE0E27F2A}.Debug|iPhoneSimulator.Build.0 = Debug|Any CPU
		{FA529A79-4BBE-4BDA-A605-DCCFE0E27F2A}.Debug|iPhoneSimulator.Deploy.0 = Debug|Any CPU
		{FA529A79-4BBE-4BDA-A605-DCCFE0E27F2A}.Release|Any CPU.ActiveCfg = Release|Any CPU
		{FA529A79-4BBE-4BDA-A605-DCCFE0E27F2A}.Release|Any CPU.Build.0 = Release|Any CPU
		{FA529A79-4BBE-4BDA-A605-DCCFE0E27F2A}.Release|Any CPU.Deploy.0 = Release|Any CPU
		{FA529A79-4BBE-4BDA-A605-DCCFE0E27F2A}.Release|iPhone.ActiveCfg = Release|Any CPU
		{FA529A79-4BBE-4BDA-A605-DCCFE0E27F2A}.Release|iPhone.Build.0 = Release|Any CPU
		{FA529A79-4BBE-4BDA-A605-DCCFE0E27F2A}.Release|iPhone.Deploy.0 = Release|Any CPU
		{FA529A79-4BBE-4BDA-A605-DCCFE0E27F2A}.Release|iPhoneSimulator.ActiveCfg = Release|Any CPU
		{FA529A79-4BBE-4BDA-A605-DCCFE0E27F2A}.Release|iPhoneSimulator.Build.0 = Release|Any CPU
		{FA529A79-4BBE-4BDA-A605-DCCFE0E27F2A}.Release|iPhoneSimulator.Deploy.0 = Release|Any CPU
		{C4E0B87B-9A57-42B2-978C-E9D7A097E5E9}.Debug|Any CPU.ActiveCfg = Debug|iPhone
		{C4E0B87B-9A57-42B2-978C-E9D7A097E5E9}.Debug|Any CPU.Build.0 = Debug|iPhone
		{C4E0B87B-9A57-42B2-978C-E9D7A097E5E9}.Debug|Any CPU.Deploy.0 = Debug|iPhone
		{C4E0B87B-9A57-42B2-978C-E9D7A097E5E9}.Debug|iPhone.ActiveCfg = Debug|iPhone
		{C4E0B87B-9A57-42B2-978C-E9D7A097E5E9}.Debug|iPhone.Build.0 = Debug|iPhone
		{C4E0B87B-9A57-42B2-978C-E9D7A097E5E9}.Debug|iPhone.Deploy.0 = Debug|iPhone
		{C4E0B87B-9A57-42B2-978C-E9D7A097E5E9}.Debug|iPhoneSimulator.ActiveCfg = Debug|iPhoneSimulator
		{C4E0B87B-9A57-42B2-978C-E9D7A097E5E9}.Debug|iPhoneSimulator.Build.0 = Debug|iPhoneSimulator
		{C4E0B87B-9A57-42B2-978C-E9D7A097E5E9}.Debug|iPhoneSimulator.Deploy.0 = Debug|iPhoneSimulator
		{C4E0B87B-9A57-42B2-978C-E9D7A097E5E9}.Release|Any CPU.ActiveCfg = Release|iPhoneSimulator
		{C4E0B87B-9A57-42B2-978C-E9D7A097E5E9}.Release|Any CPU.Build.0 = Release|iPhoneSimulator
		{C4E0B87B-9A57-42B2-978C-E9D7A097E5E9}.Release|Any CPU.Deploy.0 = Release|iPhoneSimulator
		{C4E0B87B-9A57-42B2-978C-E9D7A097E5E9}.Release|iPhone.ActiveCfg = Release|iPhone
		{C4E0B87B-9A57-42B2-978C-E9D7A097E5E9}.Release|iPhone.Build.0 = Release|iPhone
		{C4E0B87B-9A57-42B2-978C-E9D7A097E5E9}.Release|iPhone.Deploy.0 = Release|iPhone
		{C4E0B87B-9A57-42B2-978C-E9D7A097E5E9}.Release|iPhoneSimulator.ActiveCfg = Release|iPhoneSimulator
		{C4E0B87B-9A57-42B2-978C-E9D7A097E5E9}.Release|iPhoneSimulator.Build.0 = Release|iPhoneSimulator
		{C4E0B87B-9A57-42B2-978C-E9D7A097E5E9}.Release|iPhoneSimulator.Deploy.0 = Release|iPhoneSimulator
		{17E306A8-E3C5-464B-94E7-6ACE228FCBCA}.Debug|Any CPU.ActiveCfg = Debug|Any CPU
		{17E306A8-E3C5-464B-94E7-6ACE228FCBCA}.Debug|Any CPU.Build.0 = Debug|Any CPU
		{17E306A8-E3C5-464B-94E7-6ACE228FCBCA}.Debug|Any CPU.Deploy.0 = Debug|Any CPU
		{17E306A8-E3C5-464B-94E7-6ACE228FCBCA}.Debug|iPhone.ActiveCfg = Debug|Any CPU
		{17E306A8-E3C5-464B-94E7-6ACE228FCBCA}.Debug|iPhone.Build.0 = Debug|Any CPU
		{17E306A8-E3C5-464B-94E7-6ACE228FCBCA}.Debug|iPhone.Deploy.0 = Debug|Any CPU
		{17E306A8-E3C5-464B-94E7-6ACE228FCBCA}.Debug|iPhoneSimulator.ActiveCfg = Debug|Any CPU
		{17E306A8-E3C5-464B-94E7-6ACE228FCBCA}.Debug|iPhoneSimulator.Build.0 = Debug|Any CPU
		{17E306A8-E3C5-464B-94E7-6ACE228FCBCA}.Debug|iPhoneSimulator.Deploy.0 = Debug|Any CPU
		{17E306A8-E3C5-464B-94E7-6ACE228FCBCA}.Release|Any CPU.ActiveCfg = Release|Any CPU
		{17E306A8-E3C5-464B-94E7-6ACE228FCBCA}.Release|Any CPU.Build.0 = Release|Any CPU
		{17E306A8-E3C5-464B-94E7-6ACE228FCBCA}.Release|Any CPU.Deploy.0 = Release|Any CPU
		{17E306A8-E3C5-464B-94E7-6ACE228FCBCA}.Release|iPhone.ActiveCfg = Release|Any CPU
		{17E306A8-E3C5-464B-94E7-6ACE228FCBCA}.Release|iPhone.Build.0 = Release|Any CPU
		{17E306A8-E3C5-464B-94E7-6ACE228FCBCA}.Release|iPhone.Deploy.0 = Release|Any CPU
		{17E306A8-E3C5-464B-94E7-6ACE228FCBCA}.Release|iPhoneSimulator.ActiveCfg = Release|Any CPU
		{17E306A8-E3C5-464B-94E7-6ACE228FCBCA}.Release|iPhoneSimulator.Build.0 = Release|Any CPU
		{17E306A8-E3C5-464B-94E7-6ACE228FCBCA}.Release|iPhoneSimulator.Deploy.0 = Release|Any CPU
	EndGlobalSection
	GlobalSection(SolutionProperties) = preSolution
		HideSolutionNode = FALSE
	EndGlobalSection
	GlobalSection(ExtensibilityGlobals) = postSolution
		SolutionGuid = {DCAFB286-AF8B-4FCA-B003-7AEAEB2A675F}
	EndGlobalSection
EndGlobal
